{
  "lockfile_version": "1",
  "packages": {
    "github:NixOS/nixpkgs/nixpkgs-unstable": {
      "last_modified": "2026-02-11T21:01:36Z",
      "resolved": "github:NixOS/nixpkgs/2343bbb58f99267223bc2aac4fc9ea301a155a16?lastModified=1770843696&narHash=sha256-LovWTGDwXhkfCOmbgLVA10bvsi%2FP8eDDpRudgk68HA8%3D"
    },
    "pre-commit@4.5.1": {
      "last_modified": "2026-01-27T15:18:14Z",
      "resolved": "github:NixOS/nixpkgs/afce96367b2e37fc29afb5543573cd49db3357b7#pre-commit",
      "source": "devbox-search",
      "version": "4.5.1",
      "systems": {
        "aarch64-darwin": {
          "outputs": [
            {
              "name": "out",
              "path": "/nix/store/j5pi70fd5x4qjcvdvk2bac03zl9wwims-pre-commit-4.5.1",
              "default": true
            },
            {
              "name": "dist",
              "path": "/nix/store/vcixf2jrwjq8b97aws4l51fliwbb2lfl-pre-commit-4.5.1-dist"
            }
          ],
          "store_path": "/nix/store/j5pi70fd5x4qjcvdvk2bac03zl9wwims-pre-commit-4.5.1"
        },
        "aarch64-linux": {
          "outputs": [
            {
              "name": "out",
              "path": "/nix/store/k9b61qhcmsycb9pj6iswc8i34wjn30lq-pre-commit-4.5.1",
              "default": true
            },
            {
              "name": "dist",
              "path": "/nix/store/mnizha2q7yzl8x6skvsqxb75m3ps5l52-pre-commit-4.5.1-dist"
            }
          ],
          "store_path": "/nix/store/k9b61qhcmsycb9pj6iswc8i34wjn30lq-pre-commit-4.5.1"
        },
        "x86_64-darwin": {
          "outputs": [
            {
              "name": "out",
              "path": "/nix/store/5wfgd7dj6jm45g96ng7byy0wdbahim3d-pre-commit-4.5.1",
              "default": true
            },
            {
              "name": "dist",
              "path": "/nix/store/h5prdxph0gcrxjqqr64kykz1bc3hwmw7-pre-commit-4.5.1-dist"
            }
          ],
          "store_path": "/nix/store/5wfgd7dj6jm45g96ng7byy0wdbahim3d-pre-commit-4.5.1"
        },
        "x86_64-linux": {
          "outputs": [
            {
              "name": "out",
              "path": "/nix/store/m9rrqw4kzly6qqg5m6d6qi2z5a6xvwyk-pre-commit-4.5.1",
              "default": true
            },
            {
              "name": "dist",
              "path": "/nix/store/aiylyj2jy96h2zcafb4sh03n7cma75bd-pre-commit-4.5.1-dist"
            }
          ],
          "store_path": "/nix/store/m9rrqw4kzly6qqg5m6d6qi2z5a6xvwyk-pre-commit-4.5.1"
        }
      }
    },
    "shellcheck@0.11.0": {
      "last_modified": "2026-01-23T17:20:52Z",
      "resolved": "github:NixOS/nixpkgs/a1bab9e494f5f4939442a57a58d0449a109593fe#shellcheck",
      "source": "devbox-search",
      "version": "0.11.0",
      "systems": {
        "aarch64-darwin": {
          "outputs": [
            {
              "name": "bin",
              "path": "/nix/store/5svbr3cprv2d48534yps86b05fkk22xd-shellcheck-0.11.0-bin",
              "default": true
            },
            {
              "name": "man",
              "path": "/nix/store/spnvyf4cyw041ypaj2mlk2zznwdvjxyw-shellcheck-0.11.0-man",
              "default": true
            },
            {
              "name": "doc",
              "path": "/nix/store/s8jimz0bjmypxi1djmvvlay7yqqv9l99-shellcheck-0.11.0-doc",
              "default": true
            },
            {
              "name": "out",
              "path": "/nix/store/ckh6hj54z0vr9phnk0fhx9smqv04w6hg-shellcheck-0.11.0"
            }
          ],
          "store_path": "/nix/store/5svbr3cprv2d48534yps86b05fkk22xd-shellcheck-0.11.0-bin"
        },
        "aarch64-linux": {
          "outputs": [
            {
              "name": "bin",
              "path": "/nix/store/hivykwp8bw270rv8dys1j32hv1k6yij0-shellcheck-0.11.0-bin",
              "default": true
            },
            {
              "name": "man",
              "path": "/nix/store/qivjm3rk9hnxc0hid7pjz6dy35kqw6sz-shellcheck-0.11.0-man",
              "default": true
            },
            {
              "name": "doc",
              "path": "/nix/store/bv2khvbymwlm3pgfc351nbxby0h8yp6i-shellcheck-0.11.0-doc",
              "default": true
            },
            {
              "name": "out",
              "path": "/nix/store/3kqdx5p2yz17c369383n20pbfjqqvz5z-shellcheck-0.11.0"
            }
          ],
          "store_path": "/nix/store/hivykwp8bw270rv8dys1j32hv1k6yij0-shellcheck-0.11.0-bin"
        },
        "x86_64-darwin": {
          "outputs": [
            {
              "name": "bin",
              "path": "/nix/store/mpjsi2nrrjbjydvl0a7ii922jkn74k9l-shellcheck-0.11.0-bin",
              "default": true
            },
            {
              "name": "man",
              "path": "/nix/store/djwg6sax91yyhy9hcg9av2iqdpv85xcj-shellcheck-0.11.0-man",
              "default": true
            },
            {
              "name": "doc",
              "path": "/nix/store/4w8jv96gdkajpw2rnx8zxz0dg779mpgl-shellcheck-0.11.0-doc",
              "default": true
            },
            {
              "name": "out",
              "path": "/nix/store/099cyhhwzpm2i9idvha7ns8cvyjzq1s2-shellcheck-0.11.0"
            }
          ],
          "store_path": "/nix/store/mpjsi2nrrjbjydvl0a7ii922jkn74k9l-shellcheck-0.11.0-bin"
        },
        "x86_64-linux": {
          "outputs": [
            {
              "name": "bin",
              "path": "/nix/store/ghz6z8fvri862mgdg5kl95cpfls931h5-shellcheck-0.11.0-bin",
              "default": true
            },
            {
              "name": "man",
              "path": "/nix/store/416rjwbann8hibm3zfj7shrj3i9saq4a-shellcheck-0.11.0-man",
              "default": true
            },
            {
              "name": "doc",
              "path": "/nix/store/mlx7n34i9gh8bryzp8xqb1i756bszarx-shellcheck-0.11.0-doc",
              "default": true
            },
            {
              "name": "out",
              "path": "/nix/store/zrh7hlkglk74pix0bczhkslw2w4qdpzg-shellcheck-0.11.0"
            }
          ],
          "store_path": "/nix/store/ghz6z8fvri862mgdg5kl95cpfls931h5-shellcheck-0.11.0-bin"
        }
      }
    }
  }
}
